// !$*UTF8*$!
{
	archiveVersion = 1;
	classes = {
	};
	objectVersion = 77;
	objects = {

/* Begin PBXContainerItemProxy section */
		3AA3063B2E17B0AC00AF35BF /* PBXContainerItemProxy */ = {
			isa = PBXContainerItemProxy;
			containerPortal = 3AA306232E17B0AA00AF35BF /* Project object */;
			proxyType = 1;
			remoteGlobalIDString = 3AA3062A2E17B0AA00AF35BF;
			remoteInfo = "L1 Demo";
		};
		3AA306452E17B0AD00AF35BF /* PBXContainerItemProxy */ = {
			isa = PBXContainerItemProxy;
			containerPortal = 3AA306232E17B0AA00AF35BF /* Project object */;
			proxyType = 1;
			remoteGlobalIDString = 3AA3062A2E17B0AA00AF35BF;
			remoteInfo = "L1 Demo";
		};
/* End PBXContainerItemProxy section */

/* Begin PBXFileReference section */
		3AA3062B2E17B0AA00AF35BF /* L1 Demo.app */ = {isa = PBXFileReference; explicitFileType = wrapper.application; includeInIndex = 0; path = "L1 Demo.app"; sourceTree = BUILT_PRODUCTS_DIR; };
		3AA3063A2E17B0AC00AF35BF /* L1 DemoTests.xctest */ = {isa = PBXFileReference; explicitFileType = wrapper.cfbundle; includeInIndex = 0; path = "L1 DemoTests.xctest"; sourceTree = BUILT_PRODUCTS_DIR; };
		3AA306442E17B0AD00AF35BF /* L1 DemoUITests.xctest */ = {isa = PBXFileReference; explicitFileType = wrapper.cfbundle; includeInIndex = 0; path = "L1 DemoUITests.xctest"; sourceTree = BUILT_PRODUCTS_DIR; };
/* End PBXFileReference section */

/* Begin PBXFileSystemSynchronizedRootGroup section */
		3AA3062D2E17B0AA00AF35BF /* L1 Demo */ = {
			isa = PBXFileSystemSynchronizedRootGroup;
			path = "L1 Demo";
			sourceTree = "<group>";
		};
		3AA3063D2E17B0AD00AF35BF /* L1 DemoTests */ = {
			isa = PBXFileSystemSynchronizedRootGroup;
			path = "L1 DemoTests";
			sourceTree = "<group>";
		};
		3AA306472E17B0AD00AF35BF /* L1 DemoUITests */ = {
			isa = PBXFileSystemSynchronizedRootGroup;
			path = "L1 DemoUITests";
			sourceTree = "<group>";
		};
/* End PBXFileSystemSynchronizedRootGroup section */

/* Begin PBXFrameworksBuildPhase section */
		3AA306282E17B0AA00AF35BF /* Frameworks */ = {
			isa = PBXFrameworksBuildPhase;
			buildActionMask = 2147483647;
			files = (
			);
			runOnlyForDeploymentPostprocessing = 0;
		};
		3AA306372E17B0AC00AF35BF /* Frameworks */ = {
			isa = PBXFrameworksBuildPhase;
			buildActionMask = 2147483647;
			files = (
			);
			runOnlyForDeploymentPostprocessing = 0;
		};
		3AA306412E17B0AD00AF35BF /* Frameworks */ = {
			isa = PBXFrameworksBuildPhase;
			buildActionMask = 2147483647;
			files = (
			);
			runOnlyForDeploymentPostprocessing = 0;
		};
/* End PBXFrameworksBuildPhase section */

/* Begin PBXGroup section */
		3AA306222E17B0AA00AF35BF = {
			isa = PBXGroup;
			children = (
				3AA3062D2E17B0AA00AF35BF /* L1 Demo */,
				3AA3063D2E17B0AD00AF35BF /* L1 DemoTests */,
				3AA306472E17B0AD00AF35BF /* L1 DemoUITests */,
				3AA3062C2E17B0AA00AF35BF /* Products */,
			);
			sourceTree = "<group>";
		};
		3AA3062C2E17B0AA00AF35BF /* Products */ = {
			isa = PBXGroup;
			children = (
				3AA3062B2E17B0AA00AF35BF /* L1 Demo.app */,
				3AA3063A2E17B0AC00AF35BF /* L1 DemoTests.xctest */,
				3AA306442E17B0AD00AF35BF /* L1 DemoUITests.xctest */,
			);
			name = Products;
			sourceTree = "<group>";
		};
/* End PBXGroup section */

/* Begin PBXNativeTarget section */
		3AA3062A2E17B0AA00AF35BF /* L1 Demo */ = {
			isa = PBXNativeTarget;
			buildConfigurationList = 3AA3064E2E17B0AD00AF35BF /* Build configuration list for PBXNativeTarget "L1 Demo" */;
			buildPhases = (
				3AA306272E17B0AA00AF35BF /* Sources */,
				3AA306282E17B0AA00AF35BF /* Frameworks */,
				3AA306292E17B0AA00AF35BF /* Resources */,
			);
			buildRules = (
			);
			dependencies = (
			);
			fileSystemSynchronizedGroups = (
				3AA3062D2E17B0AA00AF35BF /* L1 Demo */,
			);
			name = "L1 Demo";
			packageProductDependencies = (
			);
			productName = "L1 Demo";
			productReference = 3AA3062B2E17B0AA00AF35BF /* L1 Demo.app */;
			productType = "com.apple.product-type.application";
		};
		3AA306392E17B0AC00AF35BF /* L1 DemoTests */ = {
			isa = PBXNativeTarget;
			buildConfigurationList = 3AA306512E17B0AD00AF35BF /* Build configuration list for PBXNativeTarget "L1 DemoTests" */;
			buildPhases = (
				3AA306362E17B0AC00AF35BF /* Sources */,
				3AA306372E17B0AC00AF35BF /* Frameworks */,
				3AA306382E17B0AC00AF35BF /* Resources */,
			);
			buildRules = (
			);
			dependencies = (
				3AA3063C2E17B0AC00AF35BF /* PBXTargetDependency */,
			);
			fileSystemSynchronizedGroups = (
				3AA3063D2E17B0AD00AF35BF /* L1 DemoTests */,
			);
			name = "L1 DemoTests";
			packageProductDependencies = (
			);
			productName = "L1 DemoTests";
			productReference = 3AA3063A2E17B0AC00AF35BF /* L1 DemoTests.xctest */;
			productType = "com.apple.product-type.bundle.unit-test";
		};
		3AA306432E17B0AD00AF35BF /* L1 DemoUITests */ = {
			isa = PBXNativeTarget;
			buildConfigurationList = 3AA306542E17B0AD00AF35BF /* Build configuration list for PBXNativeTarget "L1 DemoUITests" */;
			buildPhases = (
				3AA306402E17B0AD00AF35BF /* Sources */,
				3AA306412E17B0AD00AF35BF /* Frameworks */,
				3AA306422E17B0AD00AF35BF /* Resources */,
			);
			buildRules = (
			);
			dependencies = (
				3AA306462E17B0AD00AF35BF /* PBXTargetDependency */,
			);
			fileSystemSynchronizedGroups = (
				3AA306472E17B0AD00AF35BF /* L1 DemoUITests */,
			);
			name = "L1 DemoUITests";
			packageProductDependencies = (
			);
			productName = "L1 DemoUITests";
			productReference = 3AA306442E17B0AD00AF35BF /* L1 DemoUITests.xctest */;
			productType = "com.apple.product-type.bundle.ui-testing";
		};
/* End PBXNativeTarget section */

/* Begin PBXProject section */
		3AA306232E17B0AA00AF35BF /* Project object */ = {
			isa = PBXProject;
			attributes = {
				BuildIndependentTargetsInParallel = 1;
				LastSwiftUpdateCheck = 1640;
				LastUpgradeCheck = 1640;
				TargetAttributes = {
					3AA3062A2E17B0AA00AF35BF = {
						CreatedOnToolsVersion = 16.4;
					};
					3AA306392E17B0AC00AF35BF = {
						CreatedOnToolsVersion = 16.4;
						TestTargetID = 3AA3062A2E17B0AA00AF35BF;
					};
					3AA306432E17B0AD00AF35BF = {
						CreatedOnToolsVersion = 16.4;
						TestTargetID = 3AA3062A2E17B0AA00AF35BF;
					};
				};
			};
			buildConfigurationList = 3AA306262E17B0AA00AF35BF /* Build configuration list for PBXProject "L1 Demo" */;
			developmentRegion = en;
			hasScannedForEncodings = 0;
			knownRegions = (
				en,
				Base,
			);
			mainGroup = 3AA306222E17B0AA00AF35BF;
			minimizedProjectReferenceProxies = 1;
			preferredProjectObjectVersion = 77;
			productRefGroup = 3AA3062C2E17B0AA00AF35BF /* Products */;
			projectDirPath = "";
			projectRoot = "";
			targets = (
				3AA3062A2E17B0AA00AF35BF /* L1 Demo */,
				3AA306392E17B0AC00AF35BF /* L1 DemoTests */,
				3AA306432E17B0AD00AF35BF /* L1 DemoUITests */,
			);
		};
/* End PBXProject section */

/* Begin PBXResourcesBuildPhase section */
		3AA306292E17B0AA00AF35BF /* Resources */ = {
			isa = PBXResourcesBuildPhase;
			buildActionMask = 2147483647;
			files = (
			);
			runOnlyForDeploymentPostprocessing = 0;
		};
		3AA306382E17B0AC00AF35BF /* Resources */ = {
			isa = PBXResourcesBuildPhase;
			buildActionMask = 2147483647;
			files = (
			);
			runOnlyForDeploymentPostprocessing = 0;
		};
		3AA306422E17B0AD00AF35BF /* Resources */ = {
			isa = PBXResourcesBuildPhase;
			buildActionMask = 2147483647;
			files = (
			);
			runOnlyForDeploymentPostprocessing = 0;
		};
/* End PBXResourcesBuildPhase section */

/* Begin PBXSourcesBuildPhase section */
		3AA306272E17B0AA00AF35BF /* Sources */ = {
			isa = PBXSourcesBuildPhase;
			buildActionMask = 2147483647;
			files = (
			);
			runOnlyForDeploymentPostprocessing = 0;
		};
		3AA306362E17B0AC00AF35BF /* Sources */ = {
			isa = PBXSourcesBuildPhase;
			buildActionMask = 2147483647;
			files = (
			);
			runOnlyForDeploymentPostprocessing = 0;
		};
		3AA306402E17B0AD00AF35BF /* Sources */ = {
			isa = PBXSourcesBuildPhase;
			buildActionMask = 2147483647;
			files = (
			);
			runOnlyForDeploymentPostprocessing = 0;
		};
/* End PBXSourcesBuildPhase section */

/* Begin PBXTargetDependency section */
		3AA3063C2E17B0AC00AF35BF /* PBXTargetDependency */ = {
			isa = PBXTargetDependency;
			target = 3AA3062A2E17B0AA00AF35BF /* L1 Demo */;
			targetProxy = 3AA3063B2E17B0AC00AF35BF /* PBXContainerItemProxy */;
		};
		3AA306462E17B0AD00AF35BF /* PBXTargetDependency */ = {
			isa = PBXTargetDependency;
			target = 3AA3062A2E17B0AA00AF35BF /* L1 Demo */;
			targetProxy = 3AA306452E17B0AD00AF35BF /* PBXContainerItemProxy */;
		};
/* End PBXTargetDependency section */

/* Begin XCBuildConfiguration section */
		3AA3064C2E17B0AD00AF35BF /* Debug */ = {
			isa = XCBuildConfiguration;
			buildSettings = {
				ALWAYS_SEARCH_USER_PATHS = NO;
				ASSETCATALOG_COMPILER_GENERATE_SWIFT_ASSET_SYMBOL_EXTENSIONS = YES;
				CLANG_ANALYZER_NONNULL = YES;
				CLANG_ANALYZER_NUMBER_OBJECT_CONVERSION = YES_AGGRESSIVE;
				CLANG_CXX_LANGUAGE_STANDARD = "gnu++20";
				CLANG_ENABLE_MODULES = YES;
				CLANG_ENABLE_OBJC_ARC = YES;
				CLANG_ENABLE_OBJC_WEAK = YES;
				CLANG_WARN_BLOCK_CAPTURE_AUTORELEASING = YES;
				CLANG_WARN_BOOL_CONVERSION = YES;
				CLANG_WARN_COMMA = YES;
				CLANG_WARN_CONSTANT_CONVERSION = YES;
				CLANG_WARN_DEPRECATED_OBJC_IMPLEMENTATIONS = YES;
				CLANG_WARN_DIRECT_OBJC_ISA_USAGE = YES_ERROR;
				CLANG_WARN_DOCUMENTATION_COMMENTS = YES;
				CLANG_WARN_EMPTY_BODY = YES;
				CLANG_WARN_ENUM_CONVERSION = YES;
				CLANG_WARN_INFINITE_RECURSION = YES;
				CLANG_WARN_INT_CONVERSION = YES;
				CLANG_WARN_NON_LITERAL_NULL_CONVERSION = YES;
				CLANG_WARN_OBJC_IMPLICIT_RETAIN_SELF = YES;
				CLANG_WARN_OBJC_LITERAL_CONVERSION = YES;
				CLANG_WARN_OBJC_ROOT_CLASS = YES_ERROR;
				CLANG_WARN_QUOTED_INCLUDE_IN_FRAMEWORK_HEADER = YES;
				CLANG_WARN_RANGE_LOOP_ANALYSIS = YES;
				CLANG_WARN_STRICT_PROTOTYPES = YES;
				CLANG_WARN_SUSPICIOUS_MOVE = YES;
				CLANG_WARN_UNGUARDED_AVAILABILITY = YES_AGGRESSIVE;
				CLANG_WARN_UNREACHABLE_CODE = YES;
				CLANG_WARN__DUPLICATE_METHOD_MATCH = YES;
				COPY_PHASE_STRIP = NO;
				DEBUG_INFORMATION_FORMAT = dwarf;
				ENABLE_STRICT_OBJC_MSGSEND = YES;
				ENABLE_TESTABILITY = YES;
				ENABLE_USER_SCRIPT_SANDBOXING = YES;
				GCC_C_LANGUAGE_STANDARD = gnu17;
				GCC_DYNAMIC_NO_PIC = NO;
				GCC_NO_COMMON_BLOCKS = YES;
				GCC_OPTIMIZATION_LEVEL = 0;
				GCC_PREPROCESSOR_DEFINITIONS = (
					"DEBUG=1",
					"$(inherited)",
				);
				GCC_WARN_64_TO_32_BIT_CONVERSION = YES;
				GCC_WARN_ABOUT_RETURN_TYPE = YES_ERROR;
				GCC_WARN_UNDECLARED_SELECTOR = YES;
				GCC_WARN_UNINITIALIZED_AUTOS = YES_AGGRESSIVE;
				GCC_WARN_UNUSED_FUNCTION = YES;
				GCC_WARN_UNUSED_VARIABLE = YES;
				IPHONEOS_DEPLOYMENT_TARGET = 18.5;
				LOCALIZATION_PREFERS_STRING_CATALOGS = YES;
				MTL_ENABLE_DEBUG_INFO = INCLUDE_SOURCE;
				MTL_FAST_MATH = YES;
				ONLY_ACTIVE_ARCH = YES;
				SDKROOT = iphoneos;
				SWIFT_ACTIVE_COMPILATION_CONDITIONS = "DEBUG $(inherited)";
				SWIFT_OPTIMIZATION_LEVEL = "-Onone";
			};
			name = Debug;
		};
		3AA3064D2E17B0AD00AF35BF /* Release */ = {
			isa = XCBuildConfiguration;
			buildSettings = {
				ALWAYS_SEARCH_USER_PATHS = NO;
				ASSETCATALOG_COMPILER_GENERATE_SWIFT_ASSET_SYMBOL_EXTENSIONS = YES;
				CLANG_ANALYZER_NONNULL = YES;
				CLANG_ANALYZER_NUMBER_OBJECT_CONVERSION = YES_AGGRESSIVE;
				CLANG_CXX_LANGUAGE_STANDARD = "gnu++20";
				CLANG_ENABLE_MODULES = YES;
				CLANG_ENABLE_OBJC_ARC = YES;
				CLANG_ENABLE_OBJC_WEAK = YES;
				CLANG_WARN_BLOCK_CAPTURE_AUTORELEASING = YES;
				CLANG_WARN_BOOL_CONVERSION = YES;
				CLANG_WARN_COMMA = YES;
				CLANG_WARN_CONSTANT_CONVERSION = YES;
				CLANG_WARN_DEPRECATED_OBJC_IMPLEMENTATIONS = YES;
				CLANG_WARN_DIRECT_OBJC_ISA_USAGE = YES_ERROR;
				CLANG_WARN_DOCUMENTATION_COMMENTS = YES;
				CLANG_WARN_EMPTY_BODY = YES;
				CLANG_WARN_ENUM_CONVERSION = YES;
				CLANG_WARN_INFINITE_RECURSION = YES;
				CLANG_WARN_INT_CONVERSION = YES;
				CLANG_WARN_NON_LITERAL_NULL_CONVERSION = YES;
				CLANG_WARN_OBJC_IMPLICIT_RETAIN_SELF = YES;
				CLANG_WARN_OBJC_LITERAL_CONVERSION = YES;
				CLANG_WARN_OBJC_ROOT_CLASS = YES_ERROR;
				CLANG_WARN_QUOTED_INCLUDE_IN_FRAMEWORK_HEADER = YES;
				CLANG_WARN_RANGE_LOOP_ANALYSIS = YES;
				CLANG_WARN_STRICT_PROTOTYPES = YES;
				CLANG_WARN_SUSPICIOUS_MOVE = YES;
				CLANG_WARN_UNGUARDED_AVAILABILITY = YES_AGGRESSIVE;
				CLANG_WARN_UNREACHABLE_CODE = YES;
				CLANG_WARN__DUPLICATE_METHOD_MATCH = YES;
				COPY_PHASE_STRIP = NO;
				DEBUG_INFORMATION_FORMAT = "dwarf-with-dsym";
				ENABLE_NS_ASSERTIONS = NO;
				ENABLE_STRICT_OBJC_MSGSEND = YES;
				ENABLE_USER_SCRIPT_SANDBOXING = YES;
				GCC_C_LANGUAGE_STANDARD = gnu17;
				GCC_NO_COMMON_BLOCKS = YES;
				GCC_WARN_64_TO_32_BIT_CONVERSION = YES;
				GCC_WARN_ABOUT_RETURN_TYPE = YES_ERROR;
				GCC_WARN_UNDECLARED_SELECTOR = YES;
				GCC_WARN_UNINITIALIZED_AUTOS = YES_AGGRESSIVE;
				GCC_WARN_UNUSED_FUNCTION = YES;
				GCC_WARN_UNUSED_VARIABLE = YES;
				IPHONEOS_DEPLOYMENT_TARGET = 18.5;
				LOCALIZATION_PREFERS_STRING_CATALOGS = YES;
				MTL_ENABLE_DEBUG_INFO = NO;
				MTL_FAST_MATH = YES;
				SDKROOT = iphoneos;
				SWIFT_COMPILATION_MODE = wholemodule;
				VALIDATE_PRODUCT = YES;
			};
			name = Release;
		};
		3AA3064F2E17B0AD00AF35BF /* Debug */ = {
			isa = XCBuildConfiguration;
			buildSettings = {
				ASSETCATALOG_COMPILER_APPICON_NAME = AppIcon;
				ASSETCATALOG_COMPILER_GLOBAL_ACCENT_COLOR_NAME = AccentColor;
				CODE_SIGN_STYLE = Automatic;
				CURRENT_PROJECT_VERSION = 1;
				ENABLE_PREVIEWS = YES;
				GENERATE_INFOPLIST_FILE = YES;
				INFOPLIST_KEY_UIApplicationSceneManifest_Generation = YES;
				INFOPLIST_KEY_UIApplicationSupportsIndirectInputEvents = YES;
				INFOPLIST_KEY_UILaunchScreen_Generation = YES;
				INFOPLIST_KEY_UISupportedInterfaceOrientations_iPad = "UIInterfaceOrientationPortrait UIInterfaceOrientationPortraitUpsideDown UIInterfaceOrientationLandscapeLeft UIInterfaceOrientationLandscapeRight";
				INFOPLIST_KEY_UISupportedInterfaceOrientations_iPhone = "UIInterfaceOrientationPortrait UIInterfaceOrientationLandscapeLeft UIInterfaceOrientationLandscapeRight";
				LD_RUNPATH_SEARCH_PATHS = (
					"$(inherited)",
					"@executable_path/Frameworks",
				);
				MARKETING_VERSION = 1.0;
				PRODUCT_BUNDLE_IDENTIFIER = "com.zester.L1-Demo";
				PRODUCT_NAME = "$(TARGET_NAME)";
				SWIFT_EMIT_LOC_STRINGS = YES;
				SWIFT_VERSION = 5.0;
				TARGETED_DEVICE_FAMILY = "1,2";
			};
			name = Debug;
		};
		3AA306502E17B0AD00AF35BF /* Release */ = {
			isa = XCBuildConfiguration;
			buildSettings = {
				ASSETCATALOG_COMPILER_APPICON_NAME = AppIcon;
				ASSETCATALOG_COMPILER_GLOBAL_ACCENT_COLOR_NAME = AccentColor;
				CODE_SIGN_STYLE = Automatic;
				CURRENT_PROJECT_VERSION = 1;
				ENABLE_PREVIEWS = YES;
				GENERATE_INFOPLIST_FILE = YES;
				INFOPLIST_KEY_UIApplicationSceneManifest_Generation = YES;
				INFOPLIST_KEY_UIApplicationSupportsIndirectInputEvents = YES;
				INFOPLIST_KEY_UILaunchScreen_Generation = YES;
				INFOPLIST_KEY_UISupportedInterfaceOrientations_iPad = "UIInterfaceOrientationPortrait UIInterfaceOrientationPortraitUpsideDown UIInterfaceOrientationLandscapeLeft UIInterfaceOrientationLandscapeRight";
				INFOPLIST_KEY_UISupportedInterfaceOrientations_iPhone = "UIInterfaceOrientationPortrait UIInterfaceOrientationLandscapeLeft UIInterfaceOrientationLandscapeRight";
				LD_RUNPATH_SEARCH_PATHS = (
					"$(inherited)",
					"@executable_path/Frameworks",
				);
				MARKETING_VERSION = 1.0;
				PRODUCT_BUNDLE_IDENTIFIER = "com.zester.L1-Demo";
				PRODUCT_NAME = "$(TARGET_NAME)";
				SWIFT_EMIT_LOC_STRINGS = YES;
				SWIFT_VERSION = 5.0;
				TARGETED_DEVICE_FAMILY = "1,2";
			};
			name = Release;
		};
		3AA306522E17B0AD00AF35BF /* Debug */ = {
			isa = XCBuildConfiguration;
			buildSettings = {
				BUNDLE_LOADER = "$(TEST_HOST)";
				CODE_SIGN_STYLE = Automatic;
				CURRENT_PROJECT_VERSION = 1;
				GENERATE_INFOPLIST_FILE = YES;
				IPHONEOS_DEPLOYMENT_TARGET = 18.5;
				MARKETING_VERSION = 1.0;
				PRODUCT_BUNDLE_IDENTIFIER = "com.zester.L1-DemoTests";
				PRODUCT_NAME = "$(TARGET_NAME)";
				SWIFT_EMIT_LOC_STRINGS = NO;
				SWIFT_VERSION = 5.0;
				TARGETED_DEVICE_FAMILY = "1,2";
				TEST_HOST = "$(BUILT_PRODUCTS_DIR)/L1 Demo.app/$(BUNDLE_EXECUTABLE_FOLDER_PATH)/L1 Demo";
			};
			name = Debug;
		};
		3AA306532E17B0AD00AF35BF /* Release */ = {
			isa = XCBuildConfiguration;
			buildSettings = {
				BUNDLE_LOADER = "$(TEST_HOST)";
				CODE_SIGN_STYLE = Automatic;
				CURRENT_PROJECT_VERSION = 1;
				GENERATE_INFOPLIST_FILE = YES;
				IPHONEOS_DEPLOYMENT_TARGET = 18.5;
				MARKETING_VERSION = 1.0;
				PRODUCT_BUNDLE_IDENTIFIER = "com.zester.L1-DemoTests";
				PRODUCT_NAME = "$(TARGET_NAME)";
				SWIFT_EMIT_LOC_STRINGS = NO;
				SWIFT_VERSION = 5.0;
				TARGETED_DEVICE_FAMILY = "1,2";
				TEST_HOST = "$(BUILT_PRODUCTS_DIR)/L1 Demo.app/$(BUNDLE_EXECUTABLE_FOLDER_PATH)/L1 Demo";
			};
			name = Release;
		};
		3AA306552E17B0AD00AF35BF /* Debug */ = {
			isa = XCBuildConfiguration;
			buildSettings = {
				CODE_SIGN_STYLE = Automatic;
				CURRENT_PROJECT_VERSION = 1;
				GENERATE_INFOPLIST_FILE = YES;
				MARKETING_VERSION = 1.0;
				PRODUCT_BUNDLE_IDENTIFIER = "com.zester.L1-DemoUITests";
				PRODUCT_NAME = "$(TARGET_NAME)";
				SWIFT_EMIT_LOC_STRINGS = NO;
				SWIFT_VERSION = 5.0;
				TARGETED_DEVICE_FAMILY = "1,2";
				TEST_TARGET_NAME = "L1 Demo";
			};
			name = Debug;
		};
		3AA306562E17B0AD00AF35BF /* Release */ = {
			isa = XCBuildConfiguration;
			buildSettings = {
				CODE_SIGN_STYLE = Automatic;
				CURRENT_PROJECT_VERSION = 1;
				GENERATE_INFOPLIST_FILE = YES;
				MARKETING_VERSION = 1.0;
				PRODUCT_BUNDLE_IDENTIFIER = "com.zester.L1-DemoUITests";
				PRODUCT_NAME = "$(TARGET_NAME)";
				SWIFT_EMIT_LOC_STRINGS = NO;
				SWIFT_VERSION = 5.0;
				TARGETED_DEVICE_FAMILY = "1,2";
				TEST_TARGET_NAME = "L1 Demo";
			};
			name = Release;
		};
/* End XCBuildConfiguration section */

/* Begin XCConfigurationList section */
		3AA306262E17B0AA00AF35BF /* Build configuration list for PBXProject "L1 Demo" */ = {
			isa = XCConfigurationList;
			buildConfigurations = (
				3AA3064C2E17B0AD00AF35BF /* Debug */,
				3AA3064D2E17B0AD00AF35BF /* Release */,
			);
			defaultConfigurationIsVisible = 0;
			defaultConfigurationName = Release;
		};
		3AA3064E2E17B0AD00AF35BF /* Build configuration list for PBXNativeTarget "L1 Demo" */ = {
			isa = XCConfigurationList;
			buildConfigurations = (
				3AA3064F2E17B0AD00AF35BF /* Debug */,
				3AA306502E17B0AD00AF35BF /* Release */,
			);
			defaultConfigurationIsVisible = 0;
			defaultConfigurationName = Release;
		};
		3AA306512E17B0AD00AF35BF /* Build configuration list for PBXNativeTarget "L1 DemoTests" */ = {
			isa = XCConfigurationList;
			buildConfigurations = (
				3AA306522E17B0AD00AF35BF /* Debug */,
				3AA306532E17B0AD00AF35BF /* Release */,
			);
			defaultConfigurationIsVisible = 0;
			defaultConfigurationName = Release;
		};
		3AA306542E17B0AD00AF35BF /* Build configuration list for PBXNativeTarget "L1 DemoUITests" */ = {
			isa = XCConfigurationList;
			buildConfigurations = (
				3AA306552E17B0AD00AF35BF /* Debug */,
				3AA306562E17B0AD00AF35BF /* Release */,
			);
			defaultConfigurationIsVisible = 0;
			defaultConfigurationName = Release;
		};
/* End XCConfigurationList section */
	};
	rootObject = 3AA306232E17B0AA00AF35BF /* Project object */;
}
